// !$*UTF8*$!
{
	archiveVersion = 1;
	classes = {
	};
	objectVersion = 46;
	objects = {

/* Begin PBXBuildFile section */
		E347CF141E3FA709004149EB /* main.cpp in Sources */ = {isa = PBXBuildFile; fileRef = E347CF131E3FA709004149EB /* main.cpp */; };
		E347CF4B1E3FA754004149EB /* libopencv_calib3d.3.2.0.dylib in Frameworks */ = {isa = PBXBuildFile; fileRef = E347CF1B1E3FA754004149EB /* libopencv_calib3d.3.2.0.dylib */; };
		E347CF4C1E3FA754004149EB /* libopencv_calib3d.3.2.0.dylib in Frameworks */ = {isa = PBXBuildFile; fileRef = E347CF1C1E3FA754004149EB /* libopencv_calib3d.3.2.0.dylib */; };
		E347CF4D1E3FA754004149EB /* libopencv_calib3d.3.2.0.dylib in Frameworks */ = {isa = PBXBuildFile; fileRef = E347CF1D1E3FA754004149EB /* libopencv_calib3d.3.2.0.dylib */; };
		E347CF4E1E3FA754004149EB /* libopencv_core.3.2.0.dylib in Frameworks */ = {isa = PBXBuildFile; fileRef = E347CF1E1E3FA754004149EB /* libopencv_core.3.2.0.dylib */; };
		E347CF4F1E3FA754004149EB /* libopencv_core.3.2.0.dylib in Frameworks */ = {isa = PBXBuildFile; fileRef = E347CF1F1E3FA754004149EB /* libopencv_core.3.2.0.dylib */; };
		E347CF501E3FA754004149EB /* libopencv_core.3.2.0.dylib in Frameworks */ = {isa = PBXBuildFile; fileRef = E347CF201E3FA754004149EB /* libopencv_core.3.2.0.dylib */; };
		E347CF511E3FA754004149EB /* libopencv_features2d.3.2.0.dylib in Frameworks */ = {isa = PBXBuildFile; fileRef = E347CF211E3FA754004149EB /* libopencv_features2d.3.2.0.dylib */; };
		E347CF521E3FA754004149EB /* libopencv_features2d.3.2.0.dylib in Frameworks */ = {isa = PBXBuildFile; fileRef = E347CF221E3FA754004149EB /* libopencv_features2d.3.2.0.dylib */; };
		E347CF531E3FA754004149EB /* libopencv_features2d.3.2.0.dylib in Frameworks */ = {isa = PBXBuildFile; fileRef = E347CF231E3FA754004149EB /* libopencv_features2d.3.2.0.dylib */; };
		E347CF541E3FA754004149EB /* libopencv_flann.3.2.0.dylib in Frameworks */ = {isa = PBXBuildFile; fileRef = E347CF241E3FA754004149EB /* libopencv_flann.3.2.0.dylib */; };
		E347CF551E3FA754004149EB /* libopencv_flann.3.2.0.dylib in Frameworks */ = {isa = PBXBuildFile; fileRef = E347CF251E3FA754004149EB /* libopencv_flann.3.2.0.dylib */; };
		E347CF561E3FA754004149EB /* libopencv_flann.3.2.0.dylib in Frameworks */ = {isa = PBXBuildFile; fileRef = E347CF261E3FA754004149EB /* libopencv_flann.3.2.0.dylib */; };
		E347CF571E3FA754004149EB /* libopencv_highgui.3.2.0.dylib in Frameworks */ = {isa = PBXBuildFile; fileRef = E347CF271E3FA754004149EB /* libopencv_highgui.3.2.0.dylib */; };
		E347CF581E3FA754004149EB /* libopencv_highgui.3.2.0.dylib in Frameworks */ = {isa = PBXBuildFile; fileRef = E347CF281E3FA754004149EB /* libopencv_highgui.3.2.0.dylib */; };
		E347CF591E3FA754004149EB /* libopencv_highgui.3.2.0.dylib in Frameworks */ = {isa = PBXBuildFile; fileRef = E347CF291E3FA754004149EB /* libopencv_highgui.3.2.0.dylib */; };
		E347CF5A1E3FA754004149EB /* libopencv_imgcodecs.3.2.0.dylib in Frameworks */ = {isa = PBXBuildFile; fileRef = E347CF2A1E3FA754004149EB /* libopencv_imgcodecs.3.2.0.dylib */; };
		E347CF5B1E3FA754004149EB /* libopencv_imgcodecs.3.2.0.dylib in Frameworks */ = {isa = PBXBuildFile; fileRef = E347CF2B1E3FA754004149EB /* libopencv_imgcodecs.3.2.0.dylib */; };
		E347CF5C1E3FA754004149EB /* libopencv_imgcodecs.3.2.0.dylib in Frameworks */ = {isa = PBXBuildFile; fileRef = E347CF2C1E3FA754004149EB /* libopencv_imgcodecs.3.2.0.dylib */; };
		E347CF5D1E3FA754004149EB /* libopencv_imgproc.3.2.0.dylib in Frameworks */ = {isa = PBXBuildFile; fileRef = E347CF2D1E3FA754004149EB /* libopencv_imgproc.3.2.0.dylib */; };
		E347CF5E1E3FA754004149EB /* libopencv_imgproc.3.2.0.dylib in Frameworks */ = {isa = PBXBuildFile; fileRef = E347CF2E1E3FA754004149EB /* libopencv_imgproc.3.2.0.dylib */; };
		E347CF5F1E3FA754004149EB /* libopencv_imgproc.3.2.0.dylib in Frameworks */ = {isa = PBXBuildFile; fileRef = E347CF2F1E3FA754004149EB /* libopencv_imgproc.3.2.0.dylib */; };
		E347CF601E3FA754004149EB /* libopencv_ml.3.2.0.dylib in Frameworks */ = {isa = PBXBuildFile; fileRef = E347CF301E3FA754004149EB /* libopencv_ml.3.2.0.dylib */; };
		E347CF611E3FA754004149EB /* libopencv_ml.3.2.0.dylib in Frameworks */ = {isa = PBXBuildFile; fileRef = E347CF311E3FA754004149EB /* libopencv_ml.3.2.0.dylib */; };
		E347CF621E3FA754004149EB /* libopencv_ml.3.2.0.dylib in Frameworks */ = {isa = PBXBuildFile; fileRef = E347CF321E3FA754004149EB /* libopencv_ml.3.2.0.dylib */; };
		E347CF631E3FA754004149EB /* libopencv_objdetect.3.2.0.dylib in Frameworks */ = {isa = PBXBuildFile; fileRef = E347CF331E3FA754004149EB /* libopencv_objdetect.3.2.0.dylib */; };
		E347CF641E3FA754004149EB /* libopencv_objdetect.3.2.0.dylib in Frameworks */ = {isa = PBXBuildFile; fileRef = E347CF341E3FA754004149EB /* libopencv_objdetect.3.2.0.dylib */; };
		E347CF651E3FA754004149EB /* libopencv_objdetect.3.2.0.dylib in Frameworks */ = {isa = PBXBuildFile; fileRef = E347CF351E3FA754004149EB /* libopencv_objdetect.3.2.0.dylib */; };
		E347CF661E3FA754004149EB /* libopencv_photo.3.2.0.dylib in Frameworks */ = {isa = PBXBuildFile; fileRef = E347CF361E3FA754004149EB /* libopencv_photo.3.2.0.dylib */; };
		E347CF671E3FA754004149EB /* libopencv_photo.3.2.0.dylib in Frameworks */ = {isa = PBXBuildFile; fileRef = E347CF371E3FA754004149EB /* libopencv_photo.3.2.0.dylib */; };
		E347CF681E3FA754004149EB /* libopencv_photo.3.2.0.dylib in Frameworks */ = {isa = PBXBuildFile; fileRef = E347CF381E3FA754004149EB /* libopencv_photo.3.2.0.dylib */; };
		E347CF691E3FA754004149EB /* libopencv_shape.3.2.0.dylib in Frameworks */ = {isa = PBXBuildFile; fileRef = E347CF391E3FA754004149EB /* libopencv_shape.3.2.0.dylib */; };
		E347CF6A1E3FA754004149EB /* libopencv_shape.3.2.0.dylib in Frameworks */ = {isa = PBXBuildFile; fileRef = E347CF3A1E3FA754004149EB /* libopencv_shape.3.2.0.dylib */; };
		E347CF6B1E3FA754004149EB /* libopencv_shape.3.2.0.dylib in Frameworks */ = {isa = PBXBuildFile; fileRef = E347CF3B1E3FA754004149EB /* libopencv_shape.3.2.0.dylib */; };
		E347CF6C1E3FA754004149EB /* libopencv_stitching.3.2.0.dylib in Frameworks */ = {isa = PBXBuildFile; fileRef = E347CF3C1E3FA754004149EB /* libopencv_stitching.3.2.0.dylib */; };
		E347CF6D1E3FA754004149EB /* libopencv_stitching.3.2.0.dylib in Frameworks */ = {isa = PBXBuildFile; fileRef = E347CF3D1E3FA754004149EB /* libopencv_stitching.3.2.0.dylib */; };
		E347CF6E1E3FA754004149EB /* libopencv_stitching.3.2.0.dylib in Frameworks */ = {isa = PBXBuildFile; fileRef = E347CF3E1E3FA754004149EB /* libopencv_stitching.3.2.0.dylib */; };
		E347CF6F1E3FA754004149EB /* libopencv_superres.3.2.0.dylib in Frameworks */ = {isa = PBXBuildFile; fileRef = E347CF3F1E3FA754004149EB /* libopencv_superres.3.2.0.dylib */; };
		E347CF701E3FA754004149EB /* libopencv_superres.3.2.0.dylib in Frameworks */ = {isa = PBXBuildFile; fileRef = E347CF401E3FA754004149EB /* libopencv_superres.3.2.0.dylib */; };
		E347CF711E3FA754004149EB /* libopencv_superres.3.2.0.dylib in Frameworks */ = {isa = PBXBuildFile; fileRef = E347CF411E3FA754004149EB /* libopencv_superres.3.2.0.dylib */; };
		E347CF721E3FA754004149EB /* libopencv_video.3.2.0.dylib in Frameworks */ = {isa = PBXBuildFile; fileRef = E347CF421E3FA754004149EB /* libopencv_video.3.2.0.dylib */; };
		E347CF731E3FA754004149EB /* libopencv_video.3.2.0.dylib in Frameworks */ = {isa = PBXBuildFile; fileRef = E347CF431E3FA754004149EB /* libopencv_video.3.2.0.dylib */; };
		E347CF741E3FA754004149EB /* libopencv_video.3.2.0.dylib in Frameworks */ = {isa = PBXBuildFile; fileRef = E347CF441E3FA754004149EB /* libopencv_video.3.2.0.dylib */; };
		E347CF751E3FA754004149EB /* libopencv_videoio.3.2.0.dylib in Frameworks */ = {isa = PBXBuildFile; fileRef = E347CF451E3FA754004149EB /* libopencv_videoio.3.2.0.dylib */; };
		E347CF761E3FA754004149EB /* libopencv_videoio.3.2.0.dylib in Frameworks */ = {isa = PBXBuildFile; fileRef = E347CF461E3FA754004149EB /* libopencv_videoio.3.2.0.dylib */; };
		E347CF771E3FA754004149EB /* libopencv_videoio.3.2.0.dylib in Frameworks */ = {isa = PBXBuildFile; fileRef = E347CF471E3FA754004149EB /* libopencv_videoio.3.2.0.dylib */; };
		E347CF781E3FA754004149EB /* libopencv_videostab.3.2.0.dylib in Frameworks */ = {isa = PBXBuildFile; fileRef = E347CF481E3FA754004149EB /* libopencv_videostab.3.2.0.dylib */; };
		E347CF791E3FA754004149EB /* libopencv_videostab.3.2.0.dylib in Frameworks */ = {isa = PBXBuildFile; fileRef = E347CF491E3FA754004149EB /* libopencv_videostab.3.2.0.dylib */; };
		E347CF7A1E3FA754004149EB /* libopencv_videostab.3.2.0.dylib in Frameworks */ = {isa = PBXBuildFile; fileRef = E347CF4A1E3FA754004149EB /* libopencv_videostab.3.2.0.dylib */; };
/* End PBXBuildFile section */

/* Begin PBXCopyFilesBuildPhase section */
		E347CF0E1E3FA709004149EB /* CopyFiles */ = {
			isa = PBXCopyFilesBuildPhase;
			buildActionMask = 2147483647;
			dstPath = /usr/share/man/man1/;
			dstSubfolderSpec = 0;
			files = (
			);
			runOnlyForDeploymentPostprocessing = 1;
		};
/* End PBXCopyFilesBuildPhase section */

/* Begin PBXFileReference section */
		E347CF101E3FA709004149EB /* CameraHost */ = {isa = PBXFileReference; explicitFileType = "compiled.mach-o.executable"; includeInIndex = 0; path = CameraHost; sourceTree = BUILT_PRODUCTS_DIR; };
		E347CF131E3FA709004149EB /* main.cpp */ = {isa = PBXFileReference; lastKnownFileType = sourcecode.cpp.cpp; path = main.cpp; sourceTree = "<group>"; };
		E347CF1B1E3FA754004149EB /* libopencv_calib3d.3.2.0.dylib */ = {isa = PBXFileReference; lastKnownFileType = "compiled.mach-o.dylib"; path = libopencv_calib3d.3.2.0.dylib; sourceTree = "<group>"; };
		E347CF1C1E3FA754004149EB /* libopencv_calib3d.3.2.0.dylib */ = {isa = PBXFileReference; lastKnownFileType = "compiled.mach-o.dylib"; path = libopencv_calib3d.3.2.0.dylib; sourceTree = "<group>"; };
		E347CF1D1E3FA754004149EB /* libopencv_calib3d.3.2.0.dylib */ = {isa = PBXFileReference; lastKnownFileType = "compiled.mach-o.dylib"; path = libopencv_calib3d.3.2.0.dylib; sourceTree = "<group>"; };
		E347CF1E1E3FA754004149EB /* libopencv_core.3.2.0.dylib */ = {isa = PBXFileReference; lastKnownFileType = "compiled.mach-o.dylib"; path = libopencv_core.3.2.0.dylib; sourceTree = "<group>"; };
		E347CF1F1E3FA754004149EB /* libopencv_core.3.2.0.dylib */ = {isa = PBXFileReference; lastKnownFileType = "compiled.mach-o.dylib"; path = libopencv_core.3.2.0.dylib; sourceTree = "<group>"; };
		E347CF201E3FA754004149EB /* libopencv_core.3.2.0.dylib */ = {isa = PBXFileReference; lastKnownFileType = "compiled.mach-o.dylib"; path = libopencv_core.3.2.0.dylib; sourceTree = "<group>"; };
		E347CF211E3FA754004149EB /* libopencv_features2d.3.2.0.dylib */ = {isa = PBXFileReference; lastKnownFileType = "compiled.mach-o.dylib"; path = libopencv_features2d.3.2.0.dylib; sourceTree = "<group>"; };
		E347CF221E3FA754004149EB /* libopencv_features2d.3.2.0.dylib */ = {isa = PBXFileReference; lastKnownFileType = "compiled.mach-o.dylib"; path = libopencv_features2d.3.2.0.dylib; sourceTree = "<group>"; };
		E347CF231E3FA754004149EB /* libopencv_features2d.3.2.0.dylib */ = {isa = PBXFileReference; lastKnownFileType = "compiled.mach-o.dylib"; path = libopencv_features2d.3.2.0.dylib; sourceTree = "<group>"; };
		E347CF241E3FA754004149EB /* libopencv_flann.3.2.0.dylib */ = {isa = PBXFileReference; lastKnownFileType = "compiled.mach-o.dylib"; path = libopencv_flann.3.2.0.dylib; sourceTree = "<group>"; };
		E347CF251E3FA754004149EB /* libopencv_flann.3.2.0.dylib */ = {isa = PBXFileReference; lastKnownFileType = "compiled.mach-o.dylib"; path = libopencv_flann.3.2.0.dylib; sourceTree = "<group>"; };
		E347CF261E3FA754004149EB /* libopencv_flann.3.2.0.dylib */ = {isa = PBXFileReference; lastKnownFileType = "compiled.mach-o.dylib"; path = libopencv_flann.3.2.0.dylib; sourceTree = "<group>"; };
		E347CF271E3FA754004149EB /* libopencv_highgui.3.2.0.dylib */ = {isa = PBXFileReference; lastKnownFileType = "compiled.mach-o.dylib"; path = libopencv_highgui.3.2.0.dylib; sourceTree = "<group>"; };
		E347CF281E3FA754004149EB /* libopencv_highgui.3.2.0.dylib */ = {isa = PBXFileReference; lastKnownFileType = "compiled.mach-o.dylib"; path = libopencv_highgui.3.2.0.dylib; sourceTree = "<group>"; };
		E347CF291E3FA754004149EB /* libopencv_highgui.3.2.0.dylib */ = {isa = PBXFileReference; lastKnownFileType = "compiled.mach-o.dylib"; path = libopencv_highgui.3.2.0.dylib; sourceTree = "<group>"; };
		E347CF2A1E3FA754004149EB /* libopencv_imgcodecs.3.2.0.dylib */ = {isa = PBXFileReference; lastKnownFileType = "compiled.mach-o.dylib"; path = libopencv_imgcodecs.3.2.0.dylib; sourceTree = "<group>"; };
		E347CF2B1E3FA754004149EB /* libopencv_imgcodecs.3.2.0.dylib */ = {isa = PBXFileReference; lastKnownFileType = "compiled.mach-o.dylib"; path = libopencv_imgcodecs.3.2.0.dylib; sourceTree = "<group>"; };
		E347CF2C1E3FA754004149EB /* libopencv_imgcodecs.3.2.0.dylib */ = {isa = PBXFileReference; lastKnownFileType = "compiled.mach-o.dylib"; path = libopencv_imgcodecs.3.2.0.dylib; sourceTree = "<group>"; };
		E347CF2D1E3FA754004149EB /* libopencv_imgproc.3.2.0.dylib */ = {isa = PBXFileReference; lastKnownFileType = "compiled.mach-o.dylib"; path = libopencv_imgproc.3.2.0.dylib; sourceTree = "<group>"; };
		E347CF2E1E3FA754004149EB /* libopencv_imgproc.3.2.0.dylib */ = {isa = PBXFileReference; lastKnownFileType = "compiled.mach-o.dylib"; path = libopencv_imgproc.3.2.0.dylib; sourceTree = "<group>"; };
		E347CF2F1E3FA754004149EB /* libopencv_imgproc.3.2.0.dylib */ = {isa = PBXFileReference; lastKnownFileType = "compiled.mach-o.dylib"; path = libopencv_imgproc.3.2.0.dylib; sourceTree = "<group>"; };
		E347CF301E3FA754004149EB /* libopencv_ml.3.2.0.dylib */ = {isa = PBXFileReference; lastKnownFileType = "compiled.mach-o.dylib"; path = libopencv_ml.3.2.0.dylib; sourceTree = "<group>"; };
		E347CF311E3FA754004149EB /* libopencv_ml.3.2.0.dylib */ = {isa = PBXFileReference; lastKnownFileType = "compiled.mach-o.dylib"; path = libopencv_ml.3.2.0.dylib; sourceTree = "<group>"; };
		E347CF321E3FA754004149EB /* libopencv_ml.3.2.0.dylib */ = {isa = PBXFileReference; lastKnownFileType = "compiled.mach-o.dylib"; path = libopencv_ml.3.2.0.dylib; sourceTree = "<group>"; };
		E347CF331E3FA754004149EB /* libopencv_objdetect.3.2.0.dylib */ = {isa = PBXFileReference; lastKnownFileType = "compiled.mach-o.dylib"; path = libopencv_objdetect.3.2.0.dylib; sourceTree = "<group>"; };
		E347CF341E3FA754004149EB /* libopencv_objdetect.3.2.0.dylib */ = {isa = PBXFileReference; lastKnownFileType = "compiled.mach-o.dylib"; path = libopencv_objdetect.3.2.0.dylib; sourceTree = "<group>"; };
		E347CF351E3FA754004149EB /* libopencv_objdetect.3.2.0.dylib */ = {isa = PBXFileReference; lastKnownFileType = "compiled.mach-o.dylib"; path = libopencv_objdetect.3.2.0.dylib; sourceTree = "<group>"; };
		E347CF361E3FA754004149EB /* libopencv_photo.3.2.0.dylib */ = {isa = PBXFileReference; lastKnownFileType = "compiled.mach-o.dylib"; path = libopencv_photo.3.2.0.dylib; sourceTree = "<group>"; };
		E347CF371E3FA754004149EB /* libopencv_photo.3.2.0.dylib */ = {isa = PBXFileReference; lastKnownFileType = "compiled.mach-o.dylib"; path = libopencv_photo.3.2.0.dylib; sourceTree = "<group>"; };
		E347CF381E3FA754004149EB /* libopencv_photo.3.2.0.dylib */ = {isa = PBXFileReference; lastKnownFileType = "compiled.mach-o.dylib"; path = libopencv_photo.3.2.0.dylib; sourceTree = "<group>"; };
		E347CF391E3FA754004149EB /* libopencv_shape.3.2.0.dylib */ = {isa = PBXFileReference; lastKnownFileType = "compiled.mach-o.dylib"; path = libopencv_shape.3.2.0.dylib; sourceTree = "<group>"; };
		E347CF3A1E3FA754004149EB /* libopencv_shape.3.2.0.dylib */ = {isa = PBXFileReference; lastKnownFileType = "compiled.mach-o.dylib"; path = libopencv_shape.3.2.0.dylib; sourceTree = "<group>"; };
		E347CF3B1E3FA754004149EB /* libopencv_shape.3.2.0.dylib */ = {isa = PBXFileReference; lastKnownFileType = "compiled.mach-o.dylib"; path = libopencv_shape.3.2.0.dylib; sourceTree = "<group>"; };
		E347CF3C1E3FA754004149EB /* libopencv_stitching.3.2.0.dylib */ = {isa = PBXFileReference; lastKnownFileType = "compiled.mach-o.dylib"; path = libopencv_stitching.3.2.0.dylib; sourceTree = "<group>"; };
		E347CF3D1E3FA754004149EB /* libopencv_stitching.3.2.0.dylib */ = {isa = PBXFileReference; lastKnownFileType = "compiled.mach-o.dylib"; path = libopencv_stitching.3.2.0.dylib; sourceTree = "<group>"; };
		E347CF3E1E3FA754004149EB /* libopencv_stitching.3.2.0.dylib */ = {isa = PBXFileReference; lastKnownFileType = "compiled.mach-o.dylib"; path = libopencv_stitching.3.2.0.dylib; sourceTree = "<group>"; };
		E347CF3F1E3FA754004149EB /* libopencv_superres.3.2.0.dylib */ = {isa = PBXFileReference; lastKnownFileType = "compiled.mach-o.dylib"; path = libopencv_superres.3.2.0.dylib; sourceTree = "<group>"; };
		E347CF401E3FA754004149EB /* libopencv_superres.3.2.0.dylib */ = {isa = PBXFileReference; lastKnownFileType = "compiled.mach-o.dylib"; path = libopencv_superres.3.2.0.dylib; sourceTree = "<group>"; };
		E347CF411E3FA754004149EB /* libopencv_superres.3.2.0.dylib */ = {isa = PBXFileReference; lastKnownFileType = "compiled.mach-o.dylib"; path = libopencv_superres.3.2.0.dylib; sourceTree = "<group>"; };
		E347CF421E3FA754004149EB /* libopencv_video.3.2.0.dylib */ = {isa = PBXFileReference; lastKnownFileType = "compiled.mach-o.dylib"; path = libopencv_video.3.2.0.dylib; sourceTree = "<group>"; };
		E347CF431E3FA754004149EB /* libopencv_video.3.2.0.dylib */ = {isa = PBXFileReference; lastKnownFileType = "compiled.mach-o.dylib"; path = libopencv_video.3.2.0.dylib; sourceTree = "<group>"; };
		E347CF441E3FA754004149EB /* libopencv_video.3.2.0.dylib */ = {isa = PBXFileReference; lastKnownFileType = "compiled.mach-o.dylib"; path = libopencv_video.3.2.0.dylib; sourceTree = "<group>"; };
		E347CF451E3FA754004149EB /* libopencv_videoio.3.2.0.dylib */ = {isa = PBXFileReference; lastKnownFileType = "compiled.mach-o.dylib"; path = libopencv_videoio.3.2.0.dylib; sourceTree = "<group>"; };
		E347CF461E3FA754004149EB /* libopencv_videoio.3.2.0.dylib */ = {isa = PBXFileReference; lastKnownFileType = "compiled.mach-o.dylib"; path = libopencv_videoio.3.2.0.dylib; sourceTree = "<group>"; };
		E347CF471E3FA754004149EB /* libopencv_videoio.3.2.0.dylib */ = {isa = PBXFileReference; lastKnownFileType = "compiled.mach-o.dylib"; path = libopencv_videoio.3.2.0.dylib; sourceTree = "<group>"; };
		E347CF481E3FA754004149EB /* libopencv_videostab.3.2.0.dylib */ = {isa = PBXFileReference; lastKnownFileType = "compiled.mach-o.dylib"; path = libopencv_videostab.3.2.0.dylib; sourceTree = "<group>"; };
		E347CF491E3FA754004149EB /* libopencv_videostab.3.2.0.dylib */ = {isa = PBXFileReference; lastKnownFileType = "compiled.mach-o.dylib"; path = libopencv_videostab.3.2.0.dylib; sourceTree = "<group>"; };
		E347CF4A1E3FA754004149EB /* libopencv_videostab.3.2.0.dylib */ = {isa = PBXFileReference; lastKnownFileType = "compiled.mach-o.dylib"; path = libopencv_videostab.3.2.0.dylib; sourceTree = "<group>"; };
/* End PBXFileReference section */

/* Begin PBXFrameworksBuildPhase section */
		E347CF0D1E3FA709004149EB /* Frameworks */ = {
			isa = PBXFrameworksBuildPhase;
			buildActionMask = 2147483647;
			files = (
				E347CF791E3FA754004149EB /* libopencv_videostab.3.2.0.dylib in Frameworks */,
				E347CF541E3FA754004149EB /* libopencv_flann.3.2.0.dylib in Frameworks */,
				E347CF531E3FA754004149EB /* libopencv_features2d.3.2.0.dylib in Frameworks */,
				E347CF761E3FA754004149EB /* libopencv_videoio.3.2.0.dylib in Frameworks */,
				E347CF581E3FA754004149EB /* libopencv_highgui.3.2.0.dylib in Frameworks */,
				E347CF621E3FA754004149EB /* libopencv_ml.3.2.0.dylib in Frameworks */,
				E347CF671E3FA754004149EB /* libopencv_photo.3.2.0.dylib in Frameworks */,
				E347CF701E3FA754004149EB /* libopencv_superres.3.2.0.dylib in Frameworks */,
				E347CF6D1E3FA754004149EB /* libopencv_stitching.3.2.0.dylib in Frameworks */,
				E347CF781E3FA754004149EB /* libopencv_videostab.3.2.0.dylib in Frameworks */,
				E347CF6B1E3FA754004149EB /* libopencv_shape.3.2.0.dylib in Frameworks */,
				E347CF551E3FA754004149EB /* libopencv_flann.3.2.0.dylib in Frameworks */,
				E347CF4B1E3FA754004149EB /* libopencv_calib3d.3.2.0.dylib in Frameworks */,
				E347CF771E3FA754004149EB /* libopencv_videoio.3.2.0.dylib in Frameworks */,
				E347CF681E3FA754004149EB /* libopencv_photo.3.2.0.dylib in Frameworks */,
				E347CF4E1E3FA754004149EB /* libopencv_core.3.2.0.dylib in Frameworks */,
				E347CF4D1E3FA754004149EB /* libopencv_calib3d.3.2.0.dylib in Frameworks */,
				E347CF5C1E3FA754004149EB /* libopencv_imgcodecs.3.2.0.dylib in Frameworks */,
				E347CF7A1E3FA754004149EB /* libopencv_videostab.3.2.0.dylib in Frameworks */,
				E347CF741E3FA754004149EB /* libopencv_video.3.2.0.dylib in Frameworks */,
				E347CF501E3FA754004149EB /* libopencv_core.3.2.0.dylib in Frameworks */,
				E347CF6F1E3FA754004149EB /* libopencv_superres.3.2.0.dylib in Frameworks */,
				E347CF5F1E3FA754004149EB /* libopencv_imgproc.3.2.0.dylib in Frameworks */,
				E347CF4C1E3FA754004149EB /* libopencv_calib3d.3.2.0.dylib in Frameworks */,
				E347CF6A1E3FA754004149EB /* libopencv_shape.3.2.0.dylib in Frameworks */,
				E347CF651E3FA754004149EB /* libopencv_objdetect.3.2.0.dylib in Frameworks */,
				E347CF611E3FA754004149EB /* libopencv_ml.3.2.0.dylib in Frameworks */,
				E347CF751E3FA754004149EB /* libopencv_videoio.3.2.0.dylib in Frameworks */,
				E347CF631E3FA754004149EB /* libopencv_objdetect.3.2.0.dylib in Frameworks */,
				E347CF561E3FA754004149EB /* libopencv_flann.3.2.0.dylib in Frameworks */,
				E347CF641E3FA754004149EB /* libopencv_objdetect.3.2.0.dylib in Frameworks */,
				E347CF731E3FA754004149EB /* libopencv_video.3.2.0.dylib in Frameworks */,
				E347CF591E3FA754004149EB /* libopencv_highgui.3.2.0.dylib in Frameworks */,
				E347CF6C1E3FA754004149EB /* libopencv_stitching.3.2.0.dylib in Frameworks */,
				E347CF601E3FA754004149EB /* libopencv_ml.3.2.0.dylib in Frameworks */,
				E347CF571E3FA754004149EB /* libopencv_highgui.3.2.0.dylib in Frameworks */,
				E347CF711E3FA754004149EB /* libopencv_superres.3.2.0.dylib in Frameworks */,
				E347CF4F1E3FA754004149EB /* libopencv_core.3.2.0.dylib in Frameworks */,
				E347CF5D1E3FA754004149EB /* libopencv_imgproc.3.2.0.dylib in Frameworks */,
				E347CF5B1E3FA754004149EB /* libopencv_imgcodecs.3.2.0.dylib in Frameworks */,
				E347CF661E3FA754004149EB /* libopencv_photo.3.2.0.dylib in Frameworks */,
				E347CF6E1E3FA754004149EB /* libopencv_stitching.3.2.0.dylib in Frameworks */,
				E347CF5E1E3FA754004149EB /* libopencv_imgproc.3.2.0.dylib in Frameworks */,
				E347CF691E3FA754004149EB /* libopencv_shape.3.2.0.dylib in Frameworks */,
				E347CF721E3FA754004149EB /* libopencv_video.3.2.0.dylib in Frameworks */,
				E347CF521E3FA754004149EB /* libopencv_features2d.3.2.0.dylib in Frameworks */,
				E347CF511E3FA754004149EB /* libopencv_features2d.3.2.0.dylib in Frameworks */,
				E347CF5A1E3FA754004149EB /* libopencv_imgcodecs.3.2.0.dylib in Frameworks */,
			);
			runOnlyForDeploymentPostprocessing = 0;
		};
/* End PBXFrameworksBuildPhase section */

/* Begin PBXGroup section */
		E347CF071E3FA709004149EB = {
			isa = PBXGroup;
			children = (
				E347CF1A1E3FA73D004149EB /* OpenCV Framework */,
				E347CF121E3FA709004149EB /* CameraHost */,
				E347CF111E3FA709004149EB /* Products */,
			);
			sourceTree = "<group>";
		};
		E347CF111E3FA709004149EB /* Products */ = {
			isa = PBXGroup;
			children = (
				E347CF101E3FA709004149EB /* CameraHost */,
			);
			name = Products;
			sourceTree = "<group>";
		};
		E347CF121E3FA709004149EB /* CameraHost */ = {
			isa = PBXGroup;
			children = (
				E347CF131E3FA709004149EB /* main.cpp */,
			);
			path = CameraHost;
			sourceTree = "<group>";
		};
		E347CF1A1E3FA73D004149EB /* OpenCV Framework */ = {
			isa = PBXGroup;
			children = (
				E347CF1B1E3FA754004149EB /* libopencv_calib3d.3.2.0.dylib */,
				E347CF1C1E3FA754004149EB /* libopencv_calib3d.3.2.0.dylib */,
				E347CF1D1E3FA754004149EB /* libopencv_calib3d.3.2.0.dylib */,
				E347CF1E1E3FA754004149EB /* libopencv_core.3.2.0.dylib */,
				E347CF1F1E3FA754004149EB /* libopencv_core.3.2.0.dylib */,
				E347CF201E3FA754004149EB /* libopencv_core.3.2.0.dylib */,
				E347CF211E3FA754004149EB /* libopencv_features2d.3.2.0.dylib */,
				E347CF221E3FA754004149EB /* libopencv_features2d.3.2.0.dylib */,
				E347CF231E3FA754004149EB /* libopencv_features2d.3.2.0.dylib */,
				E347CF241E3FA754004149EB /* libopencv_flann.3.2.0.dylib */,
				E347CF251E3FA754004149EB /* libopencv_flann.3.2.0.dylib */,
				E347CF261E3FA754004149EB /* libopencv_flann.3.2.0.dylib */,
				E347CF271E3FA754004149EB /* libopencv_highgui.3.2.0.dylib */,
				E347CF281E3FA754004149EB /* libopencv_highgui.3.2.0.dylib */,
				E347CF291E3FA754004149EB /* libopencv_highgui.3.2.0.dylib */,
				E347CF2A1E3FA754004149EB /* libopencv_imgcodecs.3.2.0.dylib */,
				E347CF2B1E3FA754004149EB /* libopencv_imgcodecs.3.2.0.dylib */,
				E347CF2C1E3FA754004149EB /* libopencv_imgcodecs.3.2.0.dylib */,
				E347CF2D1E3FA754004149EB /* libopencv_imgproc.3.2.0.dylib */,
				E347CF2E1E3FA754004149EB /* libopencv_imgproc.3.2.0.dylib */,
				E347CF2F1E3FA754004149EB /* libopencv_imgproc.3.2.0.dylib */,
				E347CF301E3FA754004149EB /* libopencv_ml.3.2.0.dylib */,
				E347CF311E3FA754004149EB /* libopencv_ml.3.2.0.dylib */,
				E347CF321E3FA754004149EB /* libopencv_ml.3.2.0.dylib */,
				E347CF331E3FA754004149EB /* libopencv_objdetect.3.2.0.dylib */,
				E347CF341E3FA754004149EB /* libopencv_objdetect.3.2.0.dylib */,
				E347CF351E3FA754004149EB /* libopencv_objdetect.3.2.0.dylib */,
				E347CF361E3FA754004149EB /* libopencv_photo.3.2.0.dylib */,
				E347CF371E3FA754004149EB /* libopencv_photo.3.2.0.dylib */,
				E347CF381E3FA754004149EB /* libopencv_photo.3.2.0.dylib */,
				E347CF391E3FA754004149EB /* libopencv_shape.3.2.0.dylib */,
				E347CF3A1E3FA754004149EB /* libopencv_shape.3.2.0.dylib */,
				E347CF3B1E3FA754004149EB /* libopencv_shape.3.2.0.dylib */,
				E347CF3C1E3FA754004149EB /* libopencv_stitching.3.2.0.dylib */,
				E347CF3D1E3FA754004149EB /* libopencv_stitching.3.2.0.dylib */,
				E347CF3E1E3FA754004149EB /* libopencv_stitching.3.2.0.dylib */,
				E347CF3F1E3FA754004149EB /* libopencv_superres.3.2.0.dylib */,
				E347CF401E3FA754004149EB /* libopencv_superres.3.2.0.dylib */,
				E347CF411E3FA754004149EB /* libopencv_superres.3.2.0.dylib */,
				E347CF421E3FA754004149EB /* libopencv_video.3.2.0.dylib */,
				E347CF431E3FA754004149EB /* libopencv_video.3.2.0.dylib */,
				E347CF441E3FA754004149EB /* libopencv_video.3.2.0.dylib */,
				E347CF451E3FA754004149EB /* libopencv_videoio.3.2.0.dylib */,
				E347CF461E3FA754004149EB /* libopencv_videoio.3.2.0.dylib */,
				E347CF471E3FA754004149EB /* libopencv_videoio.3.2.0.dylib */,
				E347CF481E3FA754004149EB /* libopencv_videostab.3.2.0.dylib */,
				E347CF491E3FA754004149EB /* libopencv_videostab.3.2.0.dylib */,
				E347CF4A1E3FA754004149EB /* libopencv_videostab.3.2.0.dylib */,
			);
			name = "OpenCV Framework";
			sourceTree = "<group>";
		};
/* End PBXGroup section */

/* Begin PBXNativeTarget section */
		E347CF0F1E3FA709004149EB /* CameraHost */ = {
			isa = PBXNativeTarget;
			buildConfigurationList = E347CF171E3FA709004149EB /* Build configuration list for PBXNativeTarget "CameraHost" */;
			buildPhases = (
				E347CF0C1E3FA709004149EB /* Sources */,
				E347CF0D1E3FA709004149EB /* Frameworks */,
				E347CF0E1E3FA709004149EB /* CopyFiles */,
			);
			buildRules = (
			);
			dependencies = (
			);
			name = CameraHost;
			productName = CameraHost;
			productReference = E347CF101E3FA709004149EB /* CameraHost */;
			productType = "com.apple.product-type.tool";
		};
/* End PBXNativeTarget section */

/* Begin PBXProject section */
		E347CF081E3FA709004149EB /* Project object */ = {
			isa = PBXProject;
			attributes = {
				LastUpgradeCheck = 0820;
				ORGANIZATIONNAME = "Ryan Yates";
				TargetAttributes = {
					E347CF0F1E3FA709004149EB = {
						CreatedOnToolsVersion = 8.2.1;
						ProvisioningStyle = Automatic;
					};
				};
			};
			buildConfigurationList = E347CF0B1E3FA709004149EB /* Build configuration list for PBXProject "CameraHost" */;
			compatibilityVersion = "Xcode 3.2";
			developmentRegion = English;
			hasScannedForEncodings = 0;
			knownRegions = (
				en,
			);
			mainGroup = E347CF071E3FA709004149EB;
			productRefGroup = E347CF111E3FA709004149EB /* Products */;
			projectDirPath = "";
			projectRoot = "";
			targets = (
				E347CF0F1E3FA709004149EB /* CameraHost */,
			);
		};
/* End PBXProject section */

/* Begin PBXSourcesBuildPhase section */
		E347CF0C1E3FA709004149EB /* Sources */ = {
			isa = PBXSourcesBuildPhase;
			buildActionMask = 2147483647;
			files = (
				E347CF141E3FA709004149EB /* main.cpp in Sources */,
			);
			runOnlyForDeploymentPostprocessing = 0;
		};
/* End PBXSourcesBuildPhase section */

/* Begin XCBuildConfiguration section */
		E347CF151E3FA709004149EB /* Debug */ = {
			isa = XCBuildConfiguration;
			buildSettings = {
				ALWAYS_SEARCH_USER_PATHS = NO;
				CLANG_ANALYZER_NONNULL = YES;
				CLANG_CXX_LANGUAGE_STANDARD = "gnu++0x";
				CLANG_CXX_LIBRARY = "libc++";
				CLANG_ENABLE_MODULES = YES;
				CLANG_ENABLE_OBJC_ARC = YES;
				CLANG_WARN_BOOL_CONVERSION = YES;
				CLANG_WARN_CONSTANT_CONVERSION = YES;
				CLANG_WARN_DIRECT_OBJC_ISA_USAGE = YES_ERROR;
				CLANG_WARN_DOCUMENTATION_COMMENTS = YES;
				CLANG_WARN_EMPTY_BODY = YES;
				CLANG_WARN_ENUM_CONVERSION = YES;
				CLANG_WARN_INFINITE_RECURSION = YES;
				CLANG_WARN_INT_CONVERSION = YES;
				CLANG_WARN_OBJC_ROOT_CLASS = YES_ERROR;
				CLANG_WARN_SUSPICIOUS_MOVE = YES;
				CLANG_WARN_UNREACHABLE_CODE = YES;
				CLANG_WARN__DUPLICATE_METHOD_MATCH = YES;
				CODE_SIGN_IDENTITY = "-";
				COPY_PHASE_STRIP = NO;
				DEBUG_INFORMATION_FORMAT = dwarf;
				ENABLE_STRICT_OBJC_MSGSEND = YES;
				ENABLE_TESTABILITY = YES;
				GCC_C_LANGUAGE_STANDARD = gnu99;
				GCC_DYNAMIC_NO_PIC = NO;
				GCC_NO_COMMON_BLOCKS = YES;
				GCC_OPTIMIZATION_LEVEL = 0;
				GCC_PREPROCESSOR_DEFINITIONS = (
					"DEBUG=1",
					"$(inherited)",
				);
				GCC_WARN_64_TO_32_BIT_CONVERSION = YES;
				GCC_WARN_ABOUT_RETURN_TYPE = YES_ERROR;
				GCC_WARN_UNDECLARED_SELECTOR = YES;
				GCC_WARN_UNINITIALIZED_AUTOS = YES_AGGRESSIVE;
				GCC_WARN_UNUSED_FUNCTION = YES;
				GCC_WARN_UNUSED_VARIABLE = YES;
				MACOSX_DEPLOYMENT_TARGET = 10.12;
				MTL_ENABLE_DEBUG_INFO = YES;
				ONLY_ACTIVE_ARCH = YES;
				SDKROOT = macosx;
			};
			name = Debug;
		};
		E347CF161E3FA709004149EB /* Release */ = {
			isa = XCBuildConfiguration;
			buildSettings = {
				ALWAYS_SEARCH_USER_PATHS = NO;
				CLANG_ANALYZER_NONNULL = YES;
				CLANG_CXX_LANGUAGE_STANDARD = "gnu++0x";
				CLANG_CXX_LIBRARY = "libc++";
				CLANG_ENABLE_MODULES = YES;
				CLANG_ENABLE_OBJC_ARC = YES;
				CLANG_WARN_BOOL_CONVERSION = YES;
				CLANG_WARN_CONSTANT_CONVERSION = YES;
				CLANG_WARN_DIRECT_OBJC_ISA_USAGE = YES_ERROR;
				CLANG_WARN_DOCUMENTATION_COMMENTS = YES;
				CLANG_WARN_EMPTY_BODY = YES;
				CLANG_WARN_ENUM_CONVERSION = YES;
				CLANG_WARN_INFINITE_RECURSION = YES;
				CLANG_WARN_INT_CONVERSION = YES;
				CLANG_WARN_OBJC_ROOT_CLASS = YES_ERROR;
				CLANG_WARN_SUSPICIOUS_MOVE = YES;
				CLANG_WARN_UNREACHABLE_CODE = YES;
				CLANG_WARN__DUPLICATE_METHOD_MATCH = YES;
				CODE_SIGN_IDENTITY = "-";
				COPY_PHASE_STRIP = NO;
				DEBUG_INFORMATION_FORMAT = "dwarf-with-dsym";
				ENABLE_NS_ASSERTIONS = NO;
				ENABLE_STRICT_OBJC_MSGSEND = YES;
				GCC_C_LANGUAGE_STANDARD = gnu99;
				GCC_NO_COMMON_BLOCKS = YES;
				GCC_WARN_64_TO_32_BIT_CONVERSION = YES;
				GCC_WARN_ABOUT_RETURN_TYPE = YES_ERROR;
				GCC_WARN_UNDECLARED_SELECTOR = YES;
				GCC_WARN_UNINITIALIZED_AUTOS = YES_AGGRESSIVE;
				GCC_WARN_UNUSED_FUNCTION = YES;
				GCC_WARN_UNUSED_VARIABLE = YES;
				MACOSX_DEPLOYMENT_TARGET = 10.12;
				MTL_ENABLE_DEBUG_INFO = NO;
				SDKROOT = macosx;
			};
			name = Release;
		};
		E347CF181E3FA709004149EB /* Debug */ = {
			isa = XCBuildConfiguration;
			buildSettings = {
				CLANG_WARN_DOCUMENTATION_COMMENTS = NO;
				HEADER_SEARCH_PATHS = /usr/local/include;
				LIBRARY_SEARCH_PATHS = (
					"$(inherited)",
					"$(PROJECT_DIR)",
				);
				PRODUCT_NAME = "$(TARGET_NAME)";
			};
			name = Debug;
		};
		E347CF191E3FA709004149EB /* Release */ = {
			isa = XCBuildConfiguration;
			buildSettings = {
				CLANG_WARN_DOCUMENTATION_COMMENTS = NO;
				HEADER_SEARCH_PATHS = /usr/local/include;
				LIBRARY_SEARCH_PATHS = (
					"$(inherited)",
					"$(PROJECT_DIR)",
				);
				PRODUCT_NAME = "$(TARGET_NAME)";
			};
			name = Release;
		};
/* End XCBuildConfiguration section */

/* Begin XCConfigurationList section */
		E347CF0B1E3FA709004149EB /* Build configuration list for PBXProject "CameraHost" */ = {
			isa = XCConfigurationList;
			buildConfigurations = (
				E347CF151E3FA709004149EB /* Debug */,
				E347CF161E3FA709004149EB /* Release */,
			);
			defaultConfigurationIsVisible = 0;
			defaultConfigurationName = Release;
		};
		E347CF171E3FA709004149EB /* Build configuration list for PBXNativeTarget "CameraHost" */ = {
			isa = XCConfigurationList;
			buildConfigurations = (
				E347CF181E3FA709004149EB /* Debug */,
				E347CF191E3FA709004149EB /* Release */,
			);
			defaultConfigurationIsVisible = 0;
			defaultConfigurationName = Release;
		};
/* End XCConfigurationList section */
	};
	rootObject = E347CF081E3FA709004149EB /* Project object */;
}
